
Microsoft Visual Studio Solution File, Format Version 12.00
# Visual Studio Version 16
VisualStudioVersion = 16.0.31624.102
MinimumVisualStudioVersion = 10.0.40219.1
Project("{FAE04EC0-301F-11D3-BF4B-00C04F79EFBC}") = "ConsoleApp4", "ConsoleApp4\ConsoleApp4.csproj", "{0057DC76-B7A5-4163-87BF-5EE2634884F5}"
EndProject
Global
	GlobalSection(SolutionConfigurationPlatforms) = preSolution
		Debug|Any CPU = Debug|Any CPU
		Release|Any CPU = Release|Any CPU
	EndGlobalSection
	GlobalSection(ProjectConfigurationPlatforms) = postSolution
		{0057DC76-B7A5-4163-87BF-5EE2634884F5}.Debug|Any CPU.ActiveCfg = Debug|Any CPU
		{0057DC76-B7A5-4163-87BF-5EE2634884F5}.Debug|Any CPU.Build.0 = Debug|Any CPU
		{0057DC76-B7A5-4163-87BF-5EE2634884F5}.Release|Any CPU.ActiveCfg = Release|Any CPU
		{0057DC76-B7A5-4163-87BF-5EE2634884F5}.Release|Any CPU.Build.0 = Release|Any CPU
	EndGlobalSection
	GlobalSection(SolutionProperties) = preSolution
		HideSolutionNode = FALSE
	EndGlobalSection
	GlobalSection(ExtensibilityGlobals) = postSolution
		SolutionGuid = {31FFD1C9-D2D3-4C59-8BDC-33C8E2EF9883}
	EndGlobalSection
EndGlobal
