
Microsoft Visual Studio Solution File, Format Version 12.00
# Visual Studio Version 16
VisualStudioVersion = 16.0.30611.23
MinimumVisualStudioVersion = 10.0.40219.1
Project("{9A19103F-16F7-4668-BE54-9A1E7A4F7556}") = "ConsoleApp1_new", "ConsoleApp1\ConsoleApp1_new.csproj", "{9FAF878F-05FE-404F-A892-C4E8804DAC23}"
EndProject
Global
	GlobalSection(SolutionConfigurationPlatforms) = preSolution
		Debug|Any CPU = Debug|Any CPU
		Release|Any CPU = Release|Any CPU
	EndGlobalSection
	GlobalSection(ProjectConfigurationPlatforms) = postSolution
		{9FAF878F-05FE-404F-A892-C4E8804DAC23}.Debug|Any CPU.ActiveCfg = Debug|Any CPU
		{9FAF878F-05FE-404F-A892-C4E8804DAC23}.Debug|Any CPU.Build.0 = Debug|Any CPU
		{9FAF878F-05FE-404F-A892-C4E8804DAC23}.Release|Any CPU.ActiveCfg = Release|Any CPU
		{9FAF878F-05FE-404F-A892-C4E8804DAC23}.Release|Any CPU.Build.0 = Release|Any CPU
	EndGlobalSection
	GlobalSection(SolutionProperties) = preSolution
		HideSolutionNode = FALSE
	EndGlobalSection
	GlobalSection(ExtensibilityGlobals) = postSolution
		SolutionGuid = {56A9218F-3BC2-46BF-9DAD-1800C0016E76}
	EndGlobalSection
EndGlobal
